// !$*UTF8*$!
{
	archiveVersion = 1;
	classes = {
	};
	objectVersion = 77;
	objects = {

/* Begin PBXContainerItemProxy section */
		B52875C42FF7E8B8009D5BE3 /* PBXContainerItemProxy */ = {
			isa = PBXContainerItemProxy;
			containerPortal = B52875AC2FF7E8B7009D5BE3 /* Project object */;
			proxyType = 1;
			remoteGlobalIDString = B52875B32FF7E8B7009D5BE3;
			remoteInfo = "ministry-scheduler";
		};
		B52875CE2FF7E8B8009D5BE3 /* PBXContainerItemProxy */ = {
			isa = PBXContainerItemProxy;
			containerPortal = B52875AC2FF7E8B7009D5BE3 /* Project object */;
			proxyType = 1;
			remoteGlobalIDString = B52875B32FF7E8B7009D5BE3;
			remoteInfo = "ministry-scheduler";
		};
/* End PBXContainerItemProxy section */

/* Begin PBXFileReference section */
		B52875B42FF7E8B7009D5BE3 /* ministry-scheduler.app */ = {isa = PBXFileReference; explicitFileType = wrapper.application; includeInIndex = 0; path = "ministry-scheduler.app"; sourceTree = BUILT_PRODUCTS_DIR; };
		B52875C32FF7E8B8009D5BE3 /* ministry-schedulerTests.xctest */ = {isa = PBXFileReference; explicitFileType = wrapper.cfbundle; includeInIndex = 0; path = "ministry-schedulerTests.xctest"; sourceTree = BUILT_PRODUCTS_DIR; };
		B52875CD2FF7E8B8009D5BE3 /* ministry-schedulerUITests.xctest */ = {isa = PBXFileReference; explicitFileType = wrapper.cfbundle; includeInIndex = 0; path = "ministry-schedulerUITests.xctest"; sourceTree = BUILT_PRODUCTS_DIR; };
/* End PBXFileReference section */

/* Begin PBXFileSystemSynchronizedRootGroup section */
		B52875B62FF7E8B7009D5BE3 /* ministry-scheduler */ = {
			isa = PBXFileSystemSynchronizedRootGroup;
			path = "ministry-scheduler";
			sourceTree = "<group>";
		};
		B52875C62FF7E8B8009D5BE3 /* ministry-schedulerTests */ = {
			isa = PBXFileSystemSynchronizedRootGroup;
			path = "ministry-schedulerTests";
			sourceTree = "<group>";
		};
		B52875D02FF7E8B8009D5BE3 /* ministry-schedulerUITests */ = {
			isa = PBXFileSystemSynchronizedRootGroup;
			path = "ministry-schedulerUITests";
			sourceTree = "<group>";
		};
/* End PBXFileSystemSynchronizedRootGroup section */

/* Begin PBXFrameworksBuildPhase section */
		B52875B12FF7E8B7009D5BE3 /* Frameworks */ = {
			isa = PBXFrameworksBuildPhase;
			buildActionMask = 2147483647;
			files = (
			);
			runOnlyForDeploymentPostprocessing = 0;
		};
		B52875C02FF7E8B8009D5BE3 /* Frameworks */ = {
			isa = PBXFrameworksBuildPhase;
			buildActionMask = 2147483647;
			files = (
			);
			runOnlyForDeploymentPostprocessing = 0;
		};
		B52875CA2FF7E8B8009D5BE3 /* Frameworks */ = {
			isa = PBXFrameworksBuildPhase;
			buildActionMask = 2147483647;
			files = (
			);
			runOnlyForDeploymentPostprocessing = 0;
		};
/* End PBXFrameworksBuildPhase section */

/* Begin PBXGroup section */
		B52875AB2FF7E8B7009D5BE3 = {
			isa = PBXGroup;
			children = (
				B52875B62FF7E8B7009D5BE3 /* ministry-scheduler */,
				B52875C62FF7E8B8009D5BE3 /* ministry-schedulerTests */,
				B52875D02FF7E8B8009D5BE3 /* ministry-schedulerUITests */,
				B52875B52FF7E8B7009D5BE3 /* Products */,
			);
			sourceTree = "<group>";
		};
		B52875B52FF7E8B7009D5BE3 /* Products */ = {
			isa = PBXGroup;
			children = (
				B52875B42FF7E8B7009D5BE3 /* ministry-scheduler.app */,
				B52875C32FF7E8B8009D5BE3 /* ministry-schedulerTests.xctest */,
				B52875CD2FF7E8B8009D5BE3 /* ministry-schedulerUITests.xctest */,
			);
			name = Products;
			sourceTree = "<group>";
		};
/* End PBXGroup section */

/* Begin PBXNativeTarget section */
		B52875B32FF7E8B7009D5BE3 /* ministry-scheduler */ = {
			isa = PBXNativeTarget;
			buildConfigurationList = B52875D72FF7E8B8009D5BE3 /* Build configuration list for PBXNativeTarget "ministry-scheduler" */;
			buildPhases = (
				B52875B02FF7E8B7009D5BE3 /* Sources */,
				B52875B12FF7E8B7009D5BE3 /* Frameworks */,
				B52875B22FF7E8B7009D5BE3 /* Resources */,
			);
			buildRules = (
			);
			dependencies = (
			);
			fileSystemSynchronizedGroups = (
				B52875B62FF7E8B7009D5BE3 /* ministry-scheduler */,
			);
			name = "ministry-scheduler";
			packageProductDependencies = (
			);
			productName = "ministry-scheduler";
			productReference = B52875B42FF7E8B7009D5BE3 /* ministry-scheduler.app */;
			productType = "com.apple.product-type.application";
		};
		B52875C22FF7E8B8009D5BE3 /* ministry-schedulerTests */ = {
			isa = PBXNativeTarget;
			buildConfigurationList = B52875DA2FF7E8B8009D5BE3 /* Build configuration list for PBXNativeTarget "ministry-schedulerTests" */;
			buildPhases = (
				B52875BF2FF7E8B8009D5BE3 /* Sources */,
				B52875C02FF7E8B8009D5BE3 /* Frameworks */,
				B52875C12FF7E8B8009D5BE3 /* Resources */,
			);
			buildRules = (
			);
			dependencies = (
				B52875C52FF7E8B8009D5BE3 /* PBXTargetDependency */,
			);
			fileSystemSynchronizedGroups = (
				B52875C62FF7E8B8009D5BE3 /* ministry-schedulerTests */,
			);
			name = "ministry-schedulerTests";
			packageProductDependencies = (
			);
			productName = "ministry-schedulerTests";
			productReference = B52875C32FF7E8B8009D5BE3 /* ministry-schedulerTests.xctest */;
			productType = "com.apple.product-type.bundle.unit-test";
		};
		B52875CC2FF7E8B8009D5BE3 /* ministry-schedulerUITests */ = {
			isa = PBXNativeTarget;
			buildConfigurationList = B52875DD2FF7E8B8009D5BE3 /* Build configuration list for PBXNativeTarget "ministry-schedulerUITests" */;
			buildPhases = (
				B52875C92FF7E8B8009D5BE3 /* Sources */,
				B52875CA2FF7E8B8009D5BE3 /* Frameworks */,
				B52875CB2FF7E8B8009D5BE3 /* Resources */,
			);
			buildRules = (
			);
			dependencies = (
				B52875CF2FF7E8B8009D5BE3 /* PBXTargetDependency */,
			);
			fileSystemSynchronizedGroups = (
				B52875D02FF7E8B8009D5BE3 /* ministry-schedulerUITests */,
			);
			name = "ministry-schedulerUITests";
			packageProductDependencies = (
			);
			productName = "ministry-schedulerUITests";
			productReference = B52875CD2FF7E8B8009D5BE3 /* ministry-schedulerUITests.xctest */;
			productType = "com.apple.product-type.bundle.ui-testing";
		};
/* End PBXNativeTarget section */

/* Begin PBXProject section */
		B52875AC2FF7E8B7009D5BE3 /* Project object */ = {
			isa = PBXProject;
			attributes = {
				BuildIndependentTargetsInParallel = 1;
				LastSwiftUpdateCheck = 2660;
				LastUpgradeCheck = 2660;
				TargetAttributes = {
					B52875B32FF7E8B7009D5BE3 = {
						CreatedOnToolsVersion = 26.6;
					};
					B52875C22FF7E8B8009D5BE3 = {
						CreatedOnToolsVersion = 26.6;
						TestTargetID = B52875B32FF7E8B7009D5BE3;
					};
					B52875CC2FF7E8B8009D5BE3 = {
						CreatedOnToolsVersion = 26.6;
						TestTargetID = B52875B32FF7E8B7009D5BE3;
					};
				};
			};
			buildConfigurationList = B52875AF2FF7E8B7009D5BE3 /* Build configuration list for PBXProject "ministry-scheduler" */;
			developmentRegion = en;
			hasScannedForEncodings = 0;
			knownRegions = (
				en,
				Base,
			);
			mainGroup = B52875AB2FF7E8B7009D5BE3;
			minimizedProjectReferenceProxies = 1;
			preferredProjectObjectVersion = 77;
			productRefGroup = B52875B52FF7E8B7009D5BE3 /* Products */;
			projectDirPath = "";
			projectRoot = "";
			targets = (
				B52875B32FF7E8B7009D5BE3 /* ministry-scheduler */,
				B52875C22FF7E8B8009D5BE3 /* ministry-schedulerTests */,
				B52875CC2FF7E8B8009D5BE3 /* ministry-schedulerUITests */,
			);
		};
/* End PBXProject section */

/* Begin PBXResourcesBuildPhase section */
		B52875B22FF7E8B7009D5BE3 /* Resources */ = {
			isa = PBXResourcesBuildPhase;
			buildActionMask = 2147483647;
			files = (
			);
			runOnlyForDeploymentPostprocessing = 0;
		};
		B52875C12FF7E8B8009D5BE3 /* Resources */ = {
			isa = PBXResourcesBuildPhase;
			buildActionMask = 2147483647;
			files = (
			);
			runOnlyForDeploymentPostprocessing = 0;
		};
		B52875CB2FF7E8B8009D5BE3 /* Resources */ = {
			isa = PBXResourcesBuildPhase;
			buildActionMask = 2147483647;
			files = (
			);
			runOnlyForDeploymentPostprocessing = 0;
		};
/* End PBXResourcesBuildPhase section */

/* Begin PBXSourcesBuildPhase section */
		B52875B02FF7E8B7009D5BE3 /* Sources */ = {
			isa = PBXSourcesBuildPhase;
			buildActionMask = 2147483647;
			files = (
			);
			runOnlyForDeploymentPostprocessing = 0;
		};
		B52875BF2FF7E8B8009D5BE3 /* Sources */ = {
			isa = PBXSourcesBuildPhase;
			buildActionMask = 2147483647;
			files = (
			);
			runOnlyForDeploymentPostprocessing = 0;
		};
		B52875C92FF7E8B8009D5BE3 /* Sources */ = {
			isa = PBXSourcesBuildPhase;
			buildActionMask = 2147483647;
			files = (
			);
			runOnlyForDeploymentPostprocessing = 0;
		};
/* End PBXSourcesBuildPhase section */

/* Begin PBXTargetDependency section */
		B52875C52FF7E8B8009D5BE3 /* PBXTargetDependency */ = {
			isa = PBXTargetDependency;
			target = B52875B32FF7E8B7009D5BE3 /* ministry-scheduler */;
			targetProxy = B52875C42FF7E8B8009D5BE3 /* PBXContainerItemProxy */;
		};
		B52875CF2FF7E8B8009D5BE3 /* PBXTargetDependency */ = {
			isa = PBXTargetDependency;
			target = B52875B32FF7E8B7009D5BE3 /* ministry-scheduler */;
			targetProxy = B52875CE2FF7E8B8009D5BE3 /* PBXContainerItemProxy */;
		};
/* End PBXTargetDependency section */

/* Begin XCBuildConfiguration section */
		B52875D52FF7E8B8009D5BE3 /* Debug */ = {
			isa = XCBuildConfiguration;
			buildSettings = {
				ALWAYS_SEARCH_USER_PATHS = NO;
				ASSETCATALOG_COMPILER_GENERATE_SWIFT_ASSET_SYMBOL_EXTENSIONS = YES;
				CLANG_ANALYZER_NONNULL = YES;
				CLANG_ANALYZER_NUMBER_OBJECT_CONVERSION = YES_AGGRESSIVE;
				CLANG_CXX_LANGUAGE_STANDARD = "gnu++20";
				CLANG_ENABLE_MODULES = YES;
				CLANG_ENABLE_OBJC_ARC = YES;
				CLANG_ENABLE_OBJC_WEAK = YES;
				CLANG_WARN_BLOCK_CAPTURE_AUTORELEASING = YES;
				CLANG_WARN_BOOL_CONVERSION = YES;
				CLANG_WARN_COMMA = YES;
				CLANG_WARN_CONSTANT_CONVERSION = YES;
				CLANG_WARN_DEPRECATED_OBJC_IMPLEMENTATIONS = YES;
				CLANG_WARN_DIRECT_OBJC_ISA_USAGE = YES_ERROR;
				CLANG_WARN_DOCUMENTATION_COMMENTS = YES;
				CLANG_WARN_EMPTY_BODY = YES;
				CLANG_WARN_ENUM_CONVERSION = YES;
				CLANG_WARN_INFINITE_RECURSION = YES;
				CLANG_WARN_INT_CONVERSION = YES;
				CLANG_WARN_NON_LITERAL_NULL_CONVERSION = YES;
				CLANG_WARN_OBJC_IMPLICIT_RETAIN_SELF = YES;
				CLANG_WARN_OBJC_LITERAL_CONVERSION = YES;
				CLANG_WARN_OBJC_ROOT_CLASS = YES_ERROR;
				CLANG_WARN_QUOTED_INCLUDE_IN_FRAMEWORK_HEADER = YES;
				CLANG_WARN_RANGE_LOOP_ANALYSIS = YES;
				CLANG_WARN_STRICT_PROTOTYPES = YES;
				CLANG_WARN_SUSPICIOUS_MOVE = YES;
				CLANG_WARN_UNGUARDED_AVAILABILITY = YES_AGGRESSIVE;
				CLANG_WARN_UNREACHABLE_CODE = YES;
				CLANG_WARN__DUPLICATE_METHOD_MATCH = YES;
				COPY_PHASE_STRIP = NO;
				DEBUG_INFORMATION_FORMAT = dwarf;
				DEVELOPMENT_TEAM = XVYVDBW28H;
				ENABLE_STRICT_OBJC_MSGSEND = YES;
				ENABLE_TESTABILITY = YES;
				ENABLE_USER_SCRIPT_SANDBOXING = YES;
				GCC_C_LANGUAGE_STANDARD = gnu17;
				GCC_DYNAMIC_NO_PIC = NO;
				GCC_NO_COMMON_BLOCKS = YES;
				GCC_OPTIMIZATION_LEVEL = 0;
				GCC_PREPROCESSOR_DEFINITIONS = (
					"DEBUG=1",
					"$(inherited)",
				);
				GCC_WARN_64_TO_32_BIT_CONVERSION = YES;
				GCC_WARN_ABOUT_RETURN_TYPE = YES_ERROR;
				GCC_WARN_UNDECLARED_SELECTOR = YES;
				GCC_WARN_UNINITIALIZED_AUTOS = YES_AGGRESSIVE;
				GCC_WARN_UNUSED_FUNCTION = YES;
				GCC_WARN_UNUSED_VARIABLE = YES;
				IPHONEOS_DEPLOYMENT_TARGET = 26.5;
				LOCALIZATION_PREFERS_STRING_CATALOGS = YES;
				MTL_ENABLE_DEBUG_INFO = INCLUDE_SOURCE;
				MTL_FAST_MATH = YES;
				ONLY_ACTIVE_ARCH = YES;
				SDKROOT = iphoneos;
				SWIFT_ACTIVE_COMPILATION_CONDITIONS = "DEBUG $(inherited)";
				SWIFT_OPTIMIZATION_LEVEL = "-Onone";
			};
			name = Debug;
		};
		B52875D62FF7E8B8009D5BE3 /* Release */ = {
			isa = XCBuildConfiguration;
			buildSettings = {
				ALWAYS_SEARCH_USER_PATHS = NO;
				ASSETCATALOG_COMPILER_GENERATE_SWIFT_ASSET_SYMBOL_EXTENSIONS = YES;
				CLANG_ANALYZER_NONNULL = YES;
				CLANG_ANALYZER_NUMBER_OBJECT_CONVERSION = YES_AGGRESSIVE;
				CLANG_CXX_LANGUAGE_STANDARD = "gnu++20";
				CLANG_ENABLE_MODULES = YES;
				CLANG_ENABLE_OBJC_ARC = YES;
				CLANG_ENABLE_OBJC_WEAK = YES;
				CLANG_WARN_BLOCK_CAPTURE_AUTORELEASING = YES;
				CLANG_WARN_BOOL_CONVERSION = YES;
				CLANG_WARN_COMMA = YES;
				CLANG_WARN_CONSTANT_CONVERSION = YES;
				CLANG_WARN_DEPRECATED_OBJC_IMPLEMENTATIONS = YES;
				CLANG_WARN_DIRECT_OBJC_ISA_USAGE = YES_ERROR;
				CLANG_WARN_DOCUMENTATION_COMMENTS = YES;
				CLANG_WARN_EMPTY_BODY = YES;
				CLANG_WARN_ENUM_CONVERSION = YES;
				CLANG_WARN_INFINITE_RECURSION = YES;
				CLANG_WARN_INT_CONVERSION = YES;
				CLANG_WARN_NON_LITERAL_NULL_CONVERSION = YES;
				CLANG_WARN_OBJC_IMPLICIT_RETAIN_SELF = YES;
				CLANG_WARN_OBJC_LITERAL_CONVERSION = YES;
				CLANG_WARN_OBJC_ROOT_CLASS = YES_ERROR;
				CLANG_WARN_QUOTED_INCLUDE_IN_FRAMEWORK_HEADER = YES;
				CLANG_WARN_RANGE_LOOP_ANALYSIS = YES;
				CLANG_WARN_STRICT_PROTOTYPES = YES;
				CLANG_WARN_SUSPICIOUS_MOVE = YES;
				CLANG_WARN_UNGUARDED_AVAILABILITY = YES_AGGRESSIVE;
				CLANG_WARN_UNREACHABLE_CODE = YES;
				CLANG_WARN__DUPLICATE_METHOD_MATCH = YES;
				COPY_PHASE_STRIP = NO;
				DEBUG_INFORMATION_FORMAT = "dwarf-with-dsym";
				DEVELOPMENT_TEAM = XVYVDBW28H;
				ENABLE_NS_ASSERTIONS = NO;
				ENABLE_STRICT_OBJC_MSGSEND = YES;
				ENABLE_USER_SCRIPT_SANDBOXING = YES;
				GCC_C_LANGUAGE_STANDARD = gnu17;
				GCC_NO_COMMON_BLOCKS = YES;
				GCC_WARN_64_TO_32_BIT_CONVERSION = YES;
				GCC_WARN_ABOUT_RETURN_TYPE = YES_ERROR;
				GCC_WARN_UNDECLARED_SELECTOR = YES;
				GCC_WARN_UNINITIALIZED_AUTOS = YES_AGGRESSIVE;
				GCC_WARN_UNUSED_FUNCTION = YES;
				GCC_WARN_UNUSED_VARIABLE = YES;
				IPHONEOS_DEPLOYMENT_TARGET = 26.5;
				LOCALIZATION_PREFERS_STRING_CATALOGS = YES;
				MTL_ENABLE_DEBUG_INFO = NO;
				MTL_FAST_MATH = YES;
				SDKROOT = iphoneos;
				SWIFT_COMPILATION_MODE = wholemodule;
				VALIDATE_PRODUCT = YES;
			};
			name = Release;
		};
		B52875D82FF7E8B8009D5BE3 /* Debug */ = {
			isa = XCBuildConfiguration;
			buildSettings = {
				ASSETCATALOG_COMPILER_APPICON_NAME = AppIcon;
				ASSETCATALOG_COMPILER_GLOBAL_ACCENT_COLOR_NAME = AccentColor;
				CODE_SIGN_STYLE = Automatic;
				CURRENT_PROJECT_VERSION = 1;
				DEVELOPMENT_TEAM = XVYVDBW28H;
				ENABLE_PREVIEWS = YES;
				GENERATE_INFOPLIST_FILE = YES;
				INFOPLIST_KEY_CFBundleDisplayName = iMinistry;
				INFOPLIST_KEY_UIApplicationSceneManifest_Generation = YES;
				INFOPLIST_KEY_UIApplicationSupportsIndirectInputEvents = YES;
				INFOPLIST_KEY_UILaunchScreen_Generation = YES;
				INFOPLIST_KEY_UISupportedInterfaceOrientations_iPad = "UIInterfaceOrientationPortrait UIInterfaceOrientationPortraitUpsideDown UIInterfaceOrientationLandscapeLeft UIInterfaceOrientationLandscapeRight";
				INFOPLIST_KEY_UISupportedInterfaceOrientations_iPhone = "UIInterfaceOrientationPortrait UIInterfaceOrientationLandscapeLeft UIInterfaceOrientationLandscapeRight";
				LD_RUNPATH_SEARCH_PATHS = (
					"$(inherited)",
					"@executable_path/Frameworks",
				);
				MARKETING_VERSION = 1.0;
				PRODUCT_BUNDLE_IDENTIFIER = "kutyel.ministry-scheduler";
				PRODUCT_NAME = "$(TARGET_NAME)";
				STRING_CATALOG_GENERATE_SYMBOLS = YES;
				SWIFT_APPROACHABLE_CONCURRENCY = YES;
				SWIFT_DEFAULT_ACTOR_ISOLATION = MainActor;
				SWIFT_EMIT_LOC_STRINGS = YES;
				SWIFT_UPCOMING_FEATURE_MEMBER_IMPORT_VISIBILITY = YES;
				SWIFT_VERSION = 5.0;
				TARGETED_DEVICE_FAMILY = "1,2";
			};
			name = Debug;
		};
		B52875D92FF7E8B8009D5BE3 /* Release */ = {
			isa = XCBuildConfiguration;
			buildSettings = {
				ASSETCATALOG_COMPILER_APPICON_NAME = AppIcon;
				ASSETCATALOG_COMPILER_GLOBAL_ACCENT_COLOR_NAME = AccentColor;
				CODE_SIGN_STYLE = Automatic;
				CURRENT_PROJECT_VERSION = 1;
				DEVELOPMENT_TEAM = XVYVDBW28H;
				ENABLE_PREVIEWS = YES;
				GENERATE_INFOPLIST_FILE = YES;
				INFOPLIST_KEY_CFBundleDisplayName = iMinistry;
				INFOPLIST_KEY_UIApplicationSceneManifest_Generation = YES;
				INFOPLIST_KEY_UIApplicationSupportsIndirectInputEvents = YES;
				INFOPLIST_KEY_UILaunchScreen_Generation = YES;
				INFOPLIST_KEY_UISupportedInterfaceOrientations_iPad = "UIInterfaceOrientationPortrait UIInterfaceOrientationPortraitUpsideDown UIInterfaceOrientationLandscapeLeft UIInterfaceOrientationLandscapeRight";
				INFOPLIST_KEY_UISupportedInterfaceOrientations_iPhone = "UIInterfaceOrientationPortrait UIInterfaceOrientationLandscapeLeft UIInterfaceOrientationLandscapeRight";
				LD_RUNPATH_SEARCH_PATHS = (
					"$(inherited)",
					"@executable_path/Frameworks",
				);
				MARKETING_VERSION = 1.0;
				PRODUCT_BUNDLE_IDENTIFIER = "kutyel.ministry-scheduler";
				PRODUCT_NAME = "$(TARGET_NAME)";
				STRING_CATALOG_GENERATE_SYMBOLS = YES;
				SWIFT_APPROACHABLE_CONCURRENCY = YES;
				SWIFT_DEFAULT_ACTOR_ISOLATION = MainActor;
				SWIFT_EMIT_LOC_STRINGS = YES;
				SWIFT_UPCOMING_FEATURE_MEMBER_IMPORT_VISIBILITY = YES;
				SWIFT_VERSION = 5.0;
				TARGETED_DEVICE_FAMILY = "1,2";
			};
			name = Release;
		};
		B52875DB2FF7E8B8009D5BE3 /* Debug */ = {
			isa = XCBuildConfiguration;
			buildSettings = {
				BUNDLE_LOADER = "$(TEST_HOST)";
				CODE_SIGN_STYLE = Automatic;
				CURRENT_PROJECT_VERSION = 1;
				DEVELOPMENT_TEAM = XVYVDBW28H;
				GENERATE_INFOPLIST_FILE = YES;
				IPHONEOS_DEPLOYMENT_TARGET = 26.5;
				MARKETING_VERSION = 1.0;
				PRODUCT_BUNDLE_IDENTIFIER = "kutyel.ministry-schedulerTests";
				PRODUCT_NAME = "$(TARGET_NAME)";
				STRING_CATALOG_GENERATE_SYMBOLS = NO;
				SWIFT_APPROACHABLE_CONCURRENCY = YES;
				SWIFT_EMIT_LOC_STRINGS = NO;
				SWIFT_UPCOMING_FEATURE_MEMBER_IMPORT_VISIBILITY = YES;
				SWIFT_VERSION = 5.0;
				TARGETED_DEVICE_FAMILY = "1,2";
				TEST_HOST = "$(BUILT_PRODUCTS_DIR)/ministry-scheduler.app/$(BUNDLE_EXECUTABLE_FOLDER_PATH)/ministry-scheduler";
			};
			name = Debug;
		};
		B52875DC2FF7E8B8009D5BE3 /* Release */ = {
			isa = XCBuildConfiguration;
			buildSettings = {
				BUNDLE_LOADER = "$(TEST_HOST)";
				CODE_SIGN_STYLE = Automatic;
				CURRENT_PROJECT_VERSION = 1;
				DEVELOPMENT_TEAM = XVYVDBW28H;
				GENERATE_INFOPLIST_FILE = YES;
				IPHONEOS_DEPLOYMENT_TARGET = 26.5;
				MARKETING_VERSION = 1.0;
				PRODUCT_BUNDLE_IDENTIFIER = "kutyel.ministry-schedulerTests";
				PRODUCT_NAME = "$(TARGET_NAME)";
				STRING_CATALOG_GENERATE_SYMBOLS = NO;
				SWIFT_APPROACHABLE_CONCURRENCY = YES;
				SWIFT_EMIT_LOC_STRINGS = NO;
				SWIFT_UPCOMING_FEATURE_MEMBER_IMPORT_VISIBILITY = YES;
				SWIFT_VERSION = 5.0;
				TARGETED_DEVICE_FAMILY = "1,2";
				TEST_HOST = "$(BUILT_PRODUCTS_DIR)/ministry-scheduler.app/$(BUNDLE_EXECUTABLE_FOLDER_PATH)/ministry-scheduler";
			};
			name = Release;
		};
		B52875DE2FF7E8B8009D5BE3 /* Debug */ = {
			isa = XCBuildConfiguration;
			buildSettings = {
				CODE_SIGN_STYLE = Automatic;
				CURRENT_PROJECT_VERSION = 1;
				DEVELOPMENT_TEAM = XVYVDBW28H;
				GENERATE_INFOPLIST_FILE = YES;
				MARKETING_VERSION = 1.0;
				PRODUCT_BUNDLE_IDENTIFIER = "kutyel.ministry-schedulerUITests";
				PRODUCT_NAME = "$(TARGET_NAME)";
				STRING_CATALOG_GENERATE_SYMBOLS = NO;
				SWIFT_APPROACHABLE_CONCURRENCY = YES;
				SWIFT_EMIT_LOC_STRINGS = NO;
				SWIFT_UPCOMING_FEATURE_MEMBER_IMPORT_VISIBILITY = YES;
				SWIFT_VERSION = 5.0;
				TARGETED_DEVICE_FAMILY = "1,2";
				TEST_TARGET_NAME = "ministry-scheduler";
			};
			name = Debug;
		};
		B52875DF2FF7E8B8009D5BE3 /* Release */ = {
			isa = XCBuildConfiguration;
			buildSettings = {
				CODE_SIGN_STYLE = Automatic;
				CURRENT_PROJECT_VERSION = 1;
				DEVELOPMENT_TEAM = XVYVDBW28H;
				GENERATE_INFOPLIST_FILE = YES;
				MARKETING_VERSION = 1.0;
				PRODUCT_BUNDLE_IDENTIFIER = "kutyel.ministry-schedulerUITests";
				PRODUCT_NAME = "$(TARGET_NAME)";
				STRING_CATALOG_GENERATE_SYMBOLS = NO;
				SWIFT_APPROACHABLE_CONCURRENCY = YES;
				SWIFT_EMIT_LOC_STRINGS = NO;
				SWIFT_UPCOMING_FEATURE_MEMBER_IMPORT_VISIBILITY = YES;
				SWIFT_VERSION = 5.0;
				TARGETED_DEVICE_FAMILY = "1,2";
				TEST_TARGET_NAME = "ministry-scheduler";
			};
			name = Release;
		};
/* End XCBuildConfiguration section */

/* Begin XCConfigurationList section */
		B52875AF2FF7E8B7009D5BE3 /* Build configuration list for PBXProject "ministry-scheduler" */ = {
			isa = XCConfigurationList;
			buildConfigurations = (
				B52875D52FF7E8B8009D5BE3 /* Debug */,
				B52875D62FF7E8B8009D5BE3 /* Release */,
			);
			defaultConfigurationIsVisible = 0;
			defaultConfigurationName = Release;
		};
		B52875D72FF7E8B8009D5BE3 /* Build configuration list for PBXNativeTarget "ministry-scheduler" */ = {
			isa = XCConfigurationList;
			buildConfigurations = (
				B52875D82FF7E8B8009D5BE3 /* Debug */,
				B52875D92FF7E8B8009D5BE3 /* Release */,
			);
			defaultConfigurationIsVisible = 0;
			defaultConfigurationName = Release;
		};
		B52875DA2FF7E8B8009D5BE3 /* Build configuration list for PBXNativeTarget "ministry-schedulerTests" */ = {
			isa = XCConfigurationList;
			buildConfigurations = (
				B52875DB2FF7E8B8009D5BE3 /* Debug */,
				B52875DC2FF7E8B8009D5BE3 /* Release */,
			);
			defaultConfigurationIsVisible = 0;
			defaultConfigurationName = Release;
		};
		B52875DD2FF7E8B8009D5BE3 /* Build configuration list for PBXNativeTarget "ministry-schedulerUITests" */ = {
			isa = XCConfigurationList;
			buildConfigurations = (
				B52875DE2FF7E8B8009D5BE3 /* Debug */,
				B52875DF2FF7E8B8009D5BE3 /* Release */,
			);
			defaultConfigurationIsVisible = 0;
			defaultConfigurationName = Release;
		};
/* End XCConfigurationList section */
	};
	rootObject = B52875AC2FF7E8B7009D5BE3 /* Project object */;
}
